
Microsoft Visual Studio Solution File, Format Version 12.00
# Visual Studio 15
VisualStudioVersion = 15.0.26403.7
MinimumVisualStudioVersion = 10.0.40219.1
Project("{FAE04EC0-301F-11D3-BF4B-00C04F79EFBC}") = "TplDataflowPoc", "TplDataflowPoc\TplDataflowPoc.csproj", "{3F6C9D98-25F3-49F5-B86B-73C79B1E69EC}"
EndProject
Project("{2150E333-8FDC-42A3-9474-1A3956D46DE8}") = "1 - Service", "1 - Service", "{B840AA16-C3FA-4141-90A1-1F28B2861869}"
EndProject
Project("{2150E333-8FDC-42A3-9474-1A3956D46DE8}") = "2 - Application", "2 - Application", "{838D6A1D-BE8F-4BA5-8FBE-2EF250337F72}"
EndProject
Project("{2150E333-8FDC-42A3-9474-1A3956D46DE8}") = "3 - Infrastructure", "3 - Infrastructure", "{145B5850-3FDD-4BC7-A3D1-467890AF7068}"
EndProject
Project("{FAE04EC0-301F-11D3-BF4B-00C04F79EFBC}") = "Application.Actors", "Application.Actors\Application.Actors.csproj", "{982C2E0C-C729-4E68-B938-05EC488E1314}"
EndProject
Project("{FAE04EC0-301F-11D3-BF4B-00C04F79EFBC}") = "Application.Core", "Application.Core\Application.Core.csproj", "{D8862AEB-141F-4BB4-9A92-4C4ABD8930FF}"
EndProject
Project("{FAE04EC0-301F-11D3-BF4B-00C04F79EFBC}") = "Data.Gateway", "Data.Gateway\Data.Gateway.csproj", "{D2B44421-6CAC-4945-89D5-AD21EB7FDF2C}"
EndProject
Project("{FAE04EC0-301F-11D3-BF4B-00C04F79EFBC}") = "Infrastructure", "Infrastructure\Infrastructure.csproj", "{32D92CD9-FB8A-4F50-829F-8BE9C6A1AECF}"
EndProject
Global
	GlobalSection(SolutionConfigurationPlatforms) = preSolution
		Debug|Any CPU = Debug|Any CPU
		Release|Any CPU = Release|Any CPU
	EndGlobalSection
	GlobalSection(ProjectConfigurationPlatforms) = postSolution
		{3F6C9D98-25F3-49F5-B86B-73C79B1E69EC}.Debug|Any CPU.ActiveCfg = Debug|Any CPU
		{3F6C9D98-25F3-49F5-B86B-73C79B1E69EC}.Debug|Any CPU.Build.0 = Debug|Any CPU
		{3F6C9D98-25F3-49F5-B86B-73C79B1E69EC}.Release|Any CPU.ActiveCfg = Release|Any CPU
		{3F6C9D98-25F3-49F5-B86B-73C79B1E69EC}.Release|Any CPU.Build.0 = Release|Any CPU
		{982C2E0C-C729-4E68-B938-05EC488E1314}.Debug|Any CPU.ActiveCfg = Debug|Any CPU
		{982C2E0C-C729-4E68-B938-05EC488E1314}.Debug|Any CPU.Build.0 = Debug|Any CPU
		{982C2E0C-C729-4E68-B938-05EC488E1314}.Release|Any CPU.ActiveCfg = Release|Any CPU
		{982C2E0C-C729-4E68-B938-05EC488E1314}.Release|Any CPU.Build.0 = Release|Any CPU
		{D8862AEB-141F-4BB4-9A92-4C4ABD8930FF}.Debug|Any CPU.ActiveCfg = Debug|Any CPU
		{D8862AEB-141F-4BB4-9A92-4C4ABD8930FF}.Debug|Any CPU.Build.0 = Debug|Any CPU
		{D8862AEB-141F-4BB4-9A92-4C4ABD8930FF}.Release|Any CPU.ActiveCfg = Release|Any CPU
		{D8862AEB-141F-4BB4-9A92-4C4ABD8930FF}.Release|Any CPU.Build.0 = Release|Any CPU
		{D2B44421-6CAC-4945-89D5-AD21EB7FDF2C}.Debug|Any CPU.ActiveCfg = Debug|Any CPU
		{D2B44421-6CAC-4945-89D5-AD21EB7FDF2C}.Debug|Any CPU.Build.0 = Debug|Any CPU
		{D2B44421-6CAC-4945-89D5-AD21EB7FDF2C}.Release|Any CPU.ActiveCfg = Release|Any CPU
		{D2B44421-6CAC-4945-89D5-AD21EB7FDF2C}.Release|Any CPU.Build.0 = Release|Any CPU
		{32D92CD9-FB8A-4F50-829F-8BE9C6A1AECF}.Debug|Any CPU.ActiveCfg = Debug|Any CPU
		{32D92CD9-FB8A-4F50-829F-8BE9C6A1AECF}.Debug|Any CPU.Build.0 = Debug|Any CPU
		{32D92CD9-FB8A-4F50-829F-8BE9C6A1AECF}.Release|Any CPU.ActiveCfg = Release|Any CPU
		{32D92CD9-FB8A-4F50-829F-8BE9C6A1AECF}.Release|Any CPU.Build.0 = Release|Any CPU
	EndGlobalSection
	GlobalSection(SolutionProperties) = preSolution
		HideSolutionNode = FALSE
	EndGlobalSection
	GlobalSection(NestedProjects) = preSolution
		{3F6C9D98-25F3-49F5-B86B-73C79B1E69EC} = {B840AA16-C3FA-4141-90A1-1F28B2861869}
		{982C2E0C-C729-4E68-B938-05EC488E1314} = {838D6A1D-BE8F-4BA5-8FBE-2EF250337F72}
		{D8862AEB-141F-4BB4-9A92-4C4ABD8930FF} = {838D6A1D-BE8F-4BA5-8FBE-2EF250337F72}
		{D2B44421-6CAC-4945-89D5-AD21EB7FDF2C} = {145B5850-3FDD-4BC7-A3D1-467890AF7068}
		{32D92CD9-FB8A-4F50-829F-8BE9C6A1AECF} = {145B5850-3FDD-4BC7-A3D1-467890AF7068}
	EndGlobalSection
EndGlobal
